
Microsoft Visual Studio Solution File, Format Version 12.00
# Visual Studio Version 16
VisualStudioVersion = 16.0.31205.134
MinimumVisualStudioVersion = 10.0.40219.1
Project("{FAE04EC0-301F-11D3-BF4B-00C04F79EFBC}") = "WPFApp", "WPFApp.csproj", "{A8AA05C4-473F-4492-8BF2-015C9CAB632D}"
EndProject
Global
	GlobalSection(SolutionConfigurationPlatforms) = preSolution
		Debug|Any CPU = Debug|Any CPU
		Release|Any CPU = Release|Any CPU
	EndGlobalSection
	GlobalSection(ProjectConfigurationPlatforms) = postSolution
		{A8AA05C4-473F-4492-8BF2-015C9CAB632D}.Debug|Any CPU.ActiveCfg = Debug|Any CPU
		{A8AA05C4-473F-4492-8BF2-015C9CAB632D}.Debug|Any CPU.Build.0 = Debug|Any CPU
		{A8AA05C4-473F-4492-8BF2-015C9CAB632D}.Release|Any CPU.ActiveCfg = Release|Any CPU
		{A8AA05C4-473F-4492-8BF2-015C9CAB632D}.Release|Any CPU.Build.0 = Release|Any CPU
	EndGlobalSection
	GlobalSection(SolutionProperties) = preSolution
		HideSolutionNode = FALSE
	EndGlobalSection
	GlobalSection(ExtensibilityGlobals) = postSolution
		SolutionGuid = {BFA83001-45BB-4AFB-AAFA-2F8F2279538A}
	EndGlobalSection
EndGlobal
